// !$*UTF8*$!
{
	archiveVersion = 1;
	classes = {
	};
	objectVersion = 50;
	objects = {

/* Begin PBXBuildFile section */
		4C820E6F223F6C7900C1A255 /* CameraKitSDK.framework in Frameworks */ = {isa = PBXBuildFile; fileRef = 4C820E6E223F6C7900C1A255 /* CameraKitSDK.framework */; };
		4C820E73223F6EF000C1A255 /* CameraKitViewController.swift in Sources */ = {isa = PBXBuildFile; fileRef = 4C820E72223F6EF000C1A255 /* CameraKitViewController.swift */; };
		4CDCBC7A223F402900DA213B /* AppDelegate.swift in Sources */ = {isa = PBXBuildFile; fileRef = 4CDCBC79223F402900DA213B /* AppDelegate.swift */; };
		4CDCBC7C223F402900DA213B /* DoubleControlViewController.swift in Sources */ = {isa = PBXBuildFile; fileRef = 4CDCBC7B223F402900DA213B /* DoubleControlViewController.swift */; };
		4CDCBC7F223F402900DA213B /* Main.storyboard in Resources */ = {isa = PBXBuildFile; fileRef = 4CDCBC7D223F402900DA213B /* Main.storyboard */; };
		4CDCBC81223F402B00DA213B /* Assets.xcassets in Resources */ = {isa = PBXBuildFile; fileRef = 4CDCBC80223F402B00DA213B /* Assets.xcassets */; };
		4CDCBC84223F402B00DA213B /* LaunchScreen.storyboard in Resources */ = {isa = PBXBuildFile; fileRef = 4CDCBC82223F402B00DA213B /* LaunchScreen.storyboard */; };
		4CDCBC91223F417800DA213B /* ExternalAccessory.framework in Frameworks */ = {isa = PBXBuildFile; fileRef = 4CDCBC90223F417700DA213B /* ExternalAccessory.framework */; };
		4CDCBC95223F426E00DA213B /* DoubleControlSDK.framework in Frameworks */ = {isa = PBXBuildFile; fileRef = 4CDCBC94223F426E00DA213B /* DoubleControlSDK.framework */; };
/* End PBXBuildFile section */

/* Begin PBXFileReference section */
		4C820E6E223F6C7900C1A255 /* CameraKitSDK.framework */ = {isa = PBXFileReference; lastKnownFileType = wrapper.framework; name = CameraKitSDK.framework; path = GuiDR/CameraKitSDK.framework; sourceTree = "<group>"; };
		4C820E70223F6D6400C1A255 /* UIKit.framework */ = {isa = PBXFileReference; lastKnownFileType = wrapper.framework; name = UIKit.framework; path = System/Library/Frameworks/UIKit.framework; sourceTree = SDKROOT; };
		4C820E72223F6EF000C1A255 /* CameraKitViewController.swift */ = {isa = PBXFileReference; lastKnownFileType = sourcecode.swift; path = CameraKitViewController.swift; sourceTree = "<group>"; };
		4CDCBC76223F402900DA213B /* GuiDR.app */ = {isa = PBXFileReference; explicitFileType = wrapper.application; includeInIndex = 0; path = GuiDR.app; sourceTree = BUILT_PRODUCTS_DIR; };
		4CDCBC79223F402900DA213B /* AppDelegate.swift */ = {isa = PBXFileReference; lastKnownFileType = sourcecode.swift; path = AppDelegate.swift; sourceTree = "<group>"; };
		4CDCBC7B223F402900DA213B /* DoubleControlViewController.swift */ = {isa = PBXFileReference; lastKnownFileType = sourcecode.swift; path = DoubleControlViewController.swift; sourceTree = "<group>"; };
		4CDCBC7E223F402900DA213B /* Base */ = {isa = PBXFileReference; lastKnownFileType = file.storyboard; name = Base; path = Base.lproj/Main.storyboard; sourceTree = "<group>"; };
		4CDCBC80223F402B00DA213B /* Assets.xcassets */ = {isa = PBXFileReference; lastKnownFileType = folder.assetcatalog; path = Assets.xcassets; sourceTree = "<group>"; };
		4CDCBC83223F402B00DA213B /* Base */ = {isa = PBXFileReference; lastKnownFileType = file.storyboard; name = Base; path = Base.lproj/LaunchScreen.storyboard; sourceTree = "<group>"; };
		4CDCBC85223F402B00DA213B /* Info.plist */ = {isa = PBXFileReference; lastKnownFileType = text.plist.xml; path = Info.plist; sourceTree = "<group>"; };
		4CDCBC8B223F405F00DA213B /* Bridging-Header.h */ = {isa = PBXFileReference; lastKnownFileType = sourcecode.c.h; path = "Bridging-Header.h"; sourceTree = "<group>"; };
		4CDCBC90223F417700DA213B /* ExternalAccessory.framework */ = {isa = PBXFileReference; lastKnownFileType = wrapper.framework; name = ExternalAccessory.framework; path = System/Library/Frameworks/ExternalAccessory.framework; sourceTree = SDKROOT; };
		4CDCBC94223F426E00DA213B /* DoubleControlSDK.framework */ = {isa = PBXFileReference; lastKnownFileType = wrapper.framework; name = DoubleControlSDK.framework; path = GuiDR/DoubleControlSDK.framework; sourceTree = "<group>"; };
/* End PBXFileReference section */

/* Begin PBXFrameworksBuildPhase section */
		4CDCBC73223F402900DA213B /* Frameworks */ = {
			isa = PBXFrameworksBuildPhase;
			buildActionMask = 2147483647;
			files = (
				4CDCBC95223F426E00DA213B /* DoubleControlSDK.framework in Frameworks */,
				4CDCBC91223F417800DA213B /* ExternalAccessory.framework in Frameworks */,
				4C820E6F223F6C7900C1A255 /* CameraKitSDK.framework in Frameworks */,
			);
			runOnlyForDeploymentPostprocessing = 0;
		};
/* End PBXFrameworksBuildPhase section */

/* Begin PBXGroup section */
		4CDCBC6D223F402900DA213B = {
			isa = PBXGroup;
			children = (
				4CDCBC78223F402900DA213B /* GuiDR */,
				4CDCBC77223F402900DA213B /* Products */,
				4CDCBC8D223F40AD00DA213B /* Frameworks */,
			);
			sourceTree = "<group>";
		};
		4CDCBC77223F402900DA213B /* Products */ = {
			isa = PBXGroup;
			children = (
				4CDCBC76223F402900DA213B /* GuiDR.app */,
			);
			name = Products;
			sourceTree = "<group>";
		};
		4CDCBC78223F402900DA213B /* GuiDR */ = {
			isa = PBXGroup;
			children = (
				4CDCBC8B223F405F00DA213B /* Bridging-Header.h */,
				4CDCBC79223F402900DA213B /* AppDelegate.swift */,
				4CDCBC8C223F408B00DA213B /* resources */,
				4CDCBC7B223F402900DA213B /* DoubleControlViewController.swift */,
				4C820E72223F6EF000C1A255 /* CameraKitViewController.swift */,
			);
			path = GuiDR;
			sourceTree = "<group>";
		};
		4CDCBC8C223F408B00DA213B /* resources */ = {
			isa = PBXGroup;
			children = (
				4CDCBC85223F402B00DA213B /* Info.plist */,
				4CDCBC7D223F402900DA213B /* Main.storyboard */,
				4CDCBC82223F402B00DA213B /* LaunchScreen.storyboard */,
				4CDCBC80223F402B00DA213B /* Assets.xcassets */,
			);
			path = resources;
			sourceTree = "<group>";
		};
		4CDCBC8D223F40AD00DA213B /* Frameworks */ = {
			isa = PBXGroup;
			children = (
				4C820E70223F6D6400C1A255 /* UIKit.framework */,
				4C820E6E223F6C7900C1A255 /* CameraKitSDK.framework */,
				4CDCBC94223F426E00DA213B /* DoubleControlSDK.framework */,
				4CDCBC90223F417700DA213B /* ExternalAccessory.framework */,
			);
			name = Frameworks;
			sourceTree = "<group>";
		};
/* End PBXGroup section */

/* Begin PBXNativeTarget section */
		4CDCBC75223F402900DA213B /* GuiDR */ = {
			isa = PBXNativeTarget;
			buildConfigurationList = 4CDCBC88223F402B00DA213B /* Build configuration list for PBXNativeTarget "GuiDR" */;
			buildPhases = (
				4CDCBC72223F402900DA213B /* Sources */,
				4CDCBC73223F402900DA213B /* Frameworks */,
				4CDCBC74223F402900DA213B /* Resources */,
			);
			buildRules = (
			);
			dependencies = (
			);
			name = GuiDR;
			productName = GuiDR;
			productReference = 4CDCBC76223F402900DA213B /* GuiDR.app */;
			productType = "com.apple.product-type.application";
		};
/* End PBXNativeTarget section */

/* Begin PBXProject section */
		4CDCBC6E223F402900DA213B /* Project object */ = {
			isa = PBXProject;
			attributes = {
				LastSwiftUpdateCheck = 1010;
				LastUpgradeCheck = 1010;
				ORGANIZATIONNAME = "Yuta Ooka";
				TargetAttributes = {
					4CDCBC75223F402900DA213B = {
						CreatedOnToolsVersion = 10.1;
					};
				};
			};
			buildConfigurationList = 4CDCBC71223F402900DA213B /* Build configuration list for PBXProject "GuiDR" */;
			compatibilityVersion = "Xcode 9.3";
			developmentRegion = en;
			hasScannedForEncodings = 0;
			knownRegions = (
				en,
				Base,
			);
			mainGroup = 4CDCBC6D223F402900DA213B;
			productRefGroup = 4CDCBC77223F402900DA213B /* Products */;
			projectDirPath = "";
			projectRoot = "";
			targets = (
				4CDCBC75223F402900DA213B /* GuiDR */,
			);
		};
/* End PBXProject section */

/* Begin PBXResourcesBuildPhase section */
		4CDCBC74223F402900DA213B /* Resources */ = {
			isa = PBXResourcesBuildPhase;
			buildActionMask = 2147483647;
			files = (
				4CDCBC84223F402B00DA213B /* LaunchScreen.storyboard in Resources */,
				4CDCBC81223F402B00DA213B /* Assets.xcassets in Resources */,
				4CDCBC7F223F402900DA213B /* Main.storyboard in Resources */,
			);
			runOnlyForDeploymentPostprocessing = 0;
		};
/* End PBXResourcesBuildPhase section */

/* Begin PBXSourcesBuildPhase section */
		4CDCBC72223F402900DA213B /* Sources */ = {
			isa = PBXSourcesBuildPhase;
			buildActionMask = 2147483647;
			files = (
				4CDCBC7C223F402900DA213B /* DoubleControlViewController.swift in Sources */,
				4CDCBC7A223F402900DA213B /* AppDelegate.swift in Sources */,
				4C820E73223F6EF000C1A255 /* CameraKitViewController.swift in Sources */,
			);
			runOnlyForDeploymentPostprocessing = 0;
		};
/* End PBXSourcesBuildPhase section */

/* Begin PBXVariantGroup section */
		4CDCBC7D223F402900DA213B /* Main.storyboard */ = {
			isa = PBXVariantGroup;
			children = (
				4CDCBC7E223F402900DA213B /* Base */,
			);
			name = Main.storyboard;
			sourceTree = "<group>";
		};
		4CDCBC82223F402B00DA213B /* LaunchScreen.storyboard */ = {
			isa = PBXVariantGroup;
			children = (
				4CDCBC83223F402B00DA213B /* Base */,
			);
			name = LaunchScreen.storyboard;
			sourceTree = "<group>";
		};
/* End PBXVariantGroup section */

/* Begin XCBuildConfiguration section */
		4CDCBC86223F402B00DA213B /* Debug */ = {
			isa = XCBuildConfiguration;
			buildSettings = {
				ALWAYS_SEARCH_USER_PATHS = NO;
				CLANG_ANALYZER_NONNULL = YES;
				CLANG_ANALYZER_NUMBER_OBJECT_CONVERSION = YES_AGGRESSIVE;
				CLANG_CXX_LANGUAGE_STANDARD = "gnu++14";
				CLANG_CXX_LIBRARY = "libc++";
				CLANG_ENABLE_MODULES = YES;
				CLANG_ENABLE_OBJC_ARC = YES;
				CLANG_ENABLE_OBJC_WEAK = YES;
				CLANG_WARN_BLOCK_CAPTURE_AUTORELEASING = YES;
				CLANG_WARN_BOOL_CONVERSION = YES;
				CLANG_WARN_COMMA = YES;
				CLANG_WARN_CONSTANT_CONVERSION = YES;
				CLANG_WARN_DEPRECATED_OBJC_IMPLEMENTATIONS = YES;
				CLANG_WARN_DIRECT_OBJC_ISA_USAGE = YES_ERROR;
				CLANG_WARN_DOCUMENTATION_COMMENTS = YES;
				CLANG_WARN_EMPTY_BODY = YES;
				CLANG_WARN_ENUM_CONVERSION = YES;
				CLANG_WARN_INFINITE_RECURSION = YES;
				CLANG_WARN_INT_CONVERSION = YES;
				CLANG_WARN_NON_LITERAL_NULL_CONVERSION = YES;
				CLANG_WARN_OBJC_IMPLICIT_RETAIN_SELF = YES;
				CLANG_WARN_OBJC_LITERAL_CONVERSION = YES;
				CLANG_WARN_OBJC_ROOT_CLASS = YES_ERROR;
				CLANG_WARN_RANGE_LOOP_ANALYSIS = YES;
				CLANG_WARN_STRICT_PROTOTYPES = YES;
				CLANG_WARN_SUSPICIOUS_MOVE = YES;
				CLANG_WARN_UNGUARDED_AVAILABILITY = YES_AGGRESSIVE;
				CLANG_WARN_UNREACHABLE_CODE = YES;
				CLANG_WARN__DUPLICATE_METHOD_MATCH = YES;
				CODE_SIGN_IDENTITY = "iPhone Developer";
				COPY_PHASE_STRIP = NO;
				DEBUG_INFORMATION_FORMAT = dwarf;
				ENABLE_STRICT_OBJC_MSGSEND = YES;
				ENABLE_TESTABILITY = YES;
				GCC_C_LANGUAGE_STANDARD = gnu11;
				GCC_DYNAMIC_NO_PIC = NO;
				GCC_NO_COMMON_BLOCKS = YES;
				GCC_OPTIMIZATION_LEVEL = 0;
				GCC_PREPROCESSOR_DEFINITIONS = (
					"DEBUG=1",
					"$(inherited)",
				);
				GCC_WARN_64_TO_32_BIT_CONVERSION = YES;
				GCC_WARN_ABOUT_RETURN_TYPE = YES_ERROR;
				GCC_WARN_UNDECLARED_SELECTOR = YES;
				GCC_WARN_UNINITIALIZED_AUTOS = YES_AGGRESSIVE;
				GCC_WARN_UNUSED_FUNCTION = YES;
				GCC_WARN_UNUSED_VARIABLE = YES;
				IPHONEOS_DEPLOYMENT_TARGET = 12.1;
				MTL_ENABLE_DEBUG_INFO = INCLUDE_SOURCE;
				MTL_FAST_MATH = YES;
				ONLY_ACTIVE_ARCH = YES;
				SDKROOT = iphoneos;
				SWIFT_ACTIVE_COMPILATION_CONDITIONS = DEBUG;
				SWIFT_OPTIMIZATION_LEVEL = "-Onone";
			};
			name = Debug;
		};
		4CDCBC87223F402B00DA213B /* Release */ = {
			isa = XCBuildConfiguration;
			buildSettings = {
				ALWAYS_SEARCH_USER_PATHS = NO;
				CLANG_ANALYZER_NONNULL = YES;
				CLANG_ANALYZER_NUMBER_OBJECT_CONVERSION = YES_AGGRESSIVE;
				CLANG_CXX_LANGUAGE_STANDARD = "gnu++14";
				CLANG_CXX_LIBRARY = "libc++";
				CLANG_ENABLE_MODULES = YES;
				CLANG_ENABLE_OBJC_ARC = YES;
				CLANG_ENABLE_OBJC_WEAK = YES;
				CLANG_WARN_BLOCK_CAPTURE_AUTORELEASING = YES;
				CLANG_WARN_BOOL_CONVERSION = YES;
				CLANG_WARN_COMMA = YES;
				CLANG_WARN_CONSTANT_CONVERSION = YES;
				CLANG_WARN_DEPRECATED_OBJC_IMPLEMENTATIONS = YES;
				CLANG_WARN_DIRECT_OBJC_ISA_USAGE = YES_ERROR;
				CLANG_WARN_DOCUMENTATION_COMMENTS = YES;
				CLANG_WARN_EMPTY_BODY = YES;
				CLANG_WARN_ENUM_CONVERSION = YES;
				CLANG_WARN_INFINITE_RECURSION = YES;
				CLANG_WARN_INT_CONVERSION = YES;
				CLANG_WARN_NON_LITERAL_NULL_CONVERSION = YES;
				CLANG_WARN_OBJC_IMPLICIT_RETAIN_SELF = YES;
				CLANG_WARN_OBJC_LITERAL_CONVERSION = YES;
				CLANG_WARN_OBJC_ROOT_CLASS = YES_ERROR;
				CLANG_WARN_RANGE_LOOP_ANALYSIS = YES;
				CLANG_WARN_STRICT_PROTOTYPES = YES;
				CLANG_WARN_SUSPICIOUS_MOVE = YES;
				CLANG_WARN_UNGUARDED_AVAILABILITY = YES_AGGRESSIVE;
				CLANG_WARN_UNREACHABLE_CODE = YES;
				CLANG_WARN__DUPLICATE_METHOD_MATCH = YES;
				CODE_SIGN_IDENTITY = "iPhone Developer";
				COPY_PHASE_STRIP = NO;
				DEBUG_INFORMATION_FORMAT = "dwarf-with-dsym";
				ENABLE_NS_ASSERTIONS = NO;
				ENABLE_STRICT_OBJC_MSGSEND = YES;
				GCC_C_LANGUAGE_STANDARD = gnu11;
				GCC_NO_COMMON_BLOCKS = YES;
				GCC_WARN_64_TO_32_BIT_CONVERSION = YES;
				GCC_WARN_ABOUT_RETURN_TYPE = YES_ERROR;
				GCC_WARN_UNDECLARED_SELECTOR = YES;
				GCC_WARN_UNINITIALIZED_AUTOS = YES_AGGRESSIVE;
				GCC_WARN_UNUSED_FUNCTION = YES;
				GCC_WARN_UNUSED_VARIABLE = YES;
				IPHONEOS_DEPLOYMENT_TARGET = 12.1;
				MTL_ENABLE_DEBUG_INFO = NO;
				MTL_FAST_MATH = YES;
				SDKROOT = iphoneos;
				SWIFT_COMPILATION_MODE = wholemodule;
				SWIFT_OPTIMIZATION_LEVEL = "-O";
				VALIDATE_PRODUCT = YES;
			};
			name = Release;
		};
		4CDCBC89223F402B00DA213B /* Debug */ = {
			isa = XCBuildConfiguration;
			buildSettings = {
				ASSETCATALOG_COMPILER_APPICON_NAME = AppIcon;
				CODE_SIGN_STYLE = Automatic;
				DEVELOPMENT_TEAM = HY76D57XYN;
				ENABLE_BITCODE = NO;
				FRAMEWORK_SEARCH_PATHS = (
					"$(inherited)",
					"$(PROJECT_DIR)/GuiDR",
				);
				INFOPLIST_FILE = "$(SRCROOT)/GuiDR/resources/Info.plist";
				IPHONEOS_DEPLOYMENT_TARGET = 11.0;
				LD_RUNPATH_SEARCH_PATHS = (
					"$(inherited)",
					"@executable_path/Frameworks",
				);
				PRODUCT_BUNDLE_IDENTIFIER = com.gmail.yuta.ooka.GuiDR;
				PRODUCT_NAME = "$(TARGET_NAME)";
				SWIFT_OBJC_BRIDGING_HEADER = "$(SRCROOT)/$(PROJECT)/Bridging-Header.h";
				SWIFT_VERSION = 4.2;
				TARGETED_DEVICE_FAMILY = "1,2";
			};
			name = Debug;
		};
		4CDCBC8A223F402B00DA213B /* Release */ = {
			isa = XCBuildConfiguration;
			buildSettings = {
				ASSETCATALOG_COMPILER_APPICON_NAME = AppIcon;
				CODE_SIGN_STYLE = Automatic;
				DEVELOPMENT_TEAM = HY76D57XYN;
				ENABLE_BITCODE = NO;
				FRAMEWORK_SEARCH_PATHS = (
					"$(inherited)",
					"$(PROJECT_DIR)/GuiDR",
				);
				INFOPLIST_FILE = "$(SRCROOT)/GuiDR/resources/Info.plist";
				IPHONEOS_DEPLOYMENT_TARGET = 11.0;
				LD_RUNPATH_SEARCH_PATHS = (
					"$(inherited)",
					"@executable_path/Frameworks",
				);
				PRODUCT_BUNDLE_IDENTIFIER = com.gmail.yuta.ooka.GuiDR;
				PRODUCT_NAME = "$(TARGET_NAME)";
				SWIFT_OBJC_BRIDGING_HEADER = "$(SRCROOT)/$(PROJECT)/Bridging-Header.h";
				SWIFT_VERSION = 4.2;
				TARGETED_DEVICE_FAMILY = "1,2";
			};
			name = Release;
		};
/* End XCBuildConfiguration section */

/* Begin XCConfigurationList section */
		4CDCBC71223F402900DA213B /* Build configuration list for PBXProject "GuiDR" */ = {
			isa = XCConfigurationList;
			buildConfigurations = (
				4CDCBC86223F402B00DA213B /* Debug */,
				4CDCBC87223F402B00DA213B /* Release */,
			);
			defaultConfigurationIsVisible = 0;
			defaultConfigurationName = Release;
		};
		4CDCBC88223F402B00DA213B /* Build configuration list for PBXNativeTarget "GuiDR" */ = {
			isa = XCConfigurationList;
			buildConfigurations = (
				4CDCBC89223F402B00DA213B /* Debug */,
				4CDCBC8A223F402B00DA213B /* Release */,
			);
			defaultConfigurationIsVisible = 0;
			defaultConfigurationName = Release;
		};
/* End XCConfigurationList section */
	};
	rootObject = 4CDCBC6E223F402900DA213B /* Project object */;
}
